
Microsoft Visual Studio Solution File, Format Version 12.00
# Visual Studio Version 16
VisualStudioVersion = 16.0.28803.352
MinimumVisualStudioVersion = 10.0.40219.1
Project("{FAE04EC0-301F-11D3-BF4B-00C04F79EFBC}") = "OOPIntro", "OOPIntro\OOPIntro.csproj", "{AFC85424-C694-457E-959D-F38A13800480}"
EndProject
Global
	GlobalSection(SolutionConfigurationPlatforms) = preSolution
		Debug|Any CPU = Debug|Any CPU
		Release|Any CPU = Release|Any CPU
	EndGlobalSection
	GlobalSection(ProjectConfigurationPlatforms) = postSolution
		{AFC85424-C694-457E-959D-F38A13800480}.Debug|Any CPU.ActiveCfg = Debug|Any CPU
		{AFC85424-C694-457E-959D-F38A13800480}.Debug|Any CPU.Build.0 = Debug|Any CPU
		{AFC85424-C694-457E-959D-F38A13800480}.Release|Any CPU.ActiveCfg = Release|Any CPU
		{AFC85424-C694-457E-959D-F38A13800480}.Release|Any CPU.Build.0 = Release|Any CPU
	EndGlobalSection
	GlobalSection(SolutionProperties) = preSolution
		HideSolutionNode = FALSE
	EndGlobalSection
	GlobalSection(ExtensibilityGlobals) = postSolution
		SolutionGuid = {C6C8B030-DCEC-482E-9C9F-502B46FA1F0A}
	EndGlobalSection
EndGlobal
